
Microsoft Visual Studio Solution File, Format Version 12.00
# Visual Studio Version 17
VisualStudioVersion = 17.7.34031.279
MinimumVisualStudioVersion = 10.0.40219.1
Project("{8BC9CEB8-8B4A-11D0-8D11-00A0C91BC942}") = "lab 6.2 rek", "lab 6.2 rek\lab 6.2 rek.vcxproj", "{34D0CB6A-D365-4128-8666-17F4610736EF}"
EndProject
Project("{8BC9CEB8-8B4A-11D0-8D11-00A0C91BC942}") = "laba 6.2 rek", "laba 6.2 rek\laba 6.2 rek.vcxproj", "{533B5607-1564-45EC-BEC6-3CE3C8777DF0}"
EndProject
Global
	GlobalSection(SolutionConfigurationPlatforms) = preSolution
		Debug|x64 = Debug|x64
		Debug|x86 = Debug|x86
		Release|x64 = Release|x64
		Release|x86 = Release|x86
	EndGlobalSection
	GlobalSection(ProjectConfigurationPlatforms) = postSolution
		{34D0CB6A-D365-4128-8666-17F4610736EF}.Debug|x64.ActiveCfg = Debug|x64
		{34D0CB6A-D365-4128-8666-17F4610736EF}.Debug|x64.Build.0 = Debug|x64
		{34D0CB6A-D365-4128-8666-17F4610736EF}.Debug|x86.ActiveCfg = Debug|Win32
		{34D0CB6A-D365-4128-8666-17F4610736EF}.Debug|x86.Build.0 = Debug|Win32
		{34D0CB6A-D365-4128-8666-17F4610736EF}.Release|x64.ActiveCfg = Release|x64
		{34D0CB6A-D365-4128-8666-17F4610736EF}.Release|x64.Build.0 = Release|x64
		{34D0CB6A-D365-4128-8666-17F4610736EF}.Release|x86.ActiveCfg = Release|Win32
		{34D0CB6A-D365-4128-8666-17F4610736EF}.Release|x86.Build.0 = Release|Win32
		{533B5607-1564-45EC-BEC6-3CE3C8777DF0}.Debug|x64.ActiveCfg = Debug|x64
		{533B5607-1564-45EC-BEC6-3CE3C8777DF0}.Debug|x64.Build.0 = Debug|x64
		{533B5607-1564-45EC-BEC6-3CE3C8777DF0}.Debug|x86.ActiveCfg = Debug|Win32
		{533B5607-1564-45EC-BEC6-3CE3C8777DF0}.Debug|x86.Build.0 = Debug|Win32
		{533B5607-1564-45EC-BEC6-3CE3C8777DF0}.Release|x64.ActiveCfg = Release|x64
		{533B5607-1564-45EC-BEC6-3CE3C8777DF0}.Release|x64.Build.0 = Release|x64
		{533B5607-1564-45EC-BEC6-3CE3C8777DF0}.Release|x86.ActiveCfg = Release|Win32
		{533B5607-1564-45EC-BEC6-3CE3C8777DF0}.Release|x86.Build.0 = Release|Win32
	EndGlobalSection
	GlobalSection(SolutionProperties) = preSolution
		HideSolutionNode = FALSE
	EndGlobalSection
	GlobalSection(ExtensibilityGlobals) = postSolution
		SolutionGuid = {75FAAC21-3E01-4243-B98D-9485D3DF761A}
	EndGlobalSection
EndGlobal
